
Microsoft Visual Studio Solution File, Format Version 12.00
# Visual Studio 15
VisualStudioVersion = 15.0.28307.902
MinimumVisualStudioVersion = 10.0.40219.1
Project("{FAE04EC0-301F-11D3-BF4B-00C04F79EFBC}") = "Sistema_FotoStudio", "Sistema_FotoStudio\Sistema_FotoStudio.csproj", "{992B17CD-0281-49F3-829C-C9A5D98E5032}"
EndProject
Global
	GlobalSection(SolutionConfigurationPlatforms) = preSolution
		Debug|Any CPU = Debug|Any CPU
		Release|Any CPU = Release|Any CPU
	EndGlobalSection
	GlobalSection(ProjectConfigurationPlatforms) = postSolution
		{992B17CD-0281-49F3-829C-C9A5D98E5032}.Debug|Any CPU.ActiveCfg = Debug|Any CPU
		{992B17CD-0281-49F3-829C-C9A5D98E5032}.Debug|Any CPU.Build.0 = Debug|Any CPU
		{992B17CD-0281-49F3-829C-C9A5D98E5032}.Release|Any CPU.ActiveCfg = Release|Any CPU
		{992B17CD-0281-49F3-829C-C9A5D98E5032}.Release|Any CPU.Build.0 = Release|Any CPU
	EndGlobalSection
	GlobalSection(SolutionProperties) = preSolution
		HideSolutionNode = FALSE
	EndGlobalSection
	GlobalSection(ExtensibilityGlobals) = postSolution
		SolutionGuid = {61BD0E30-309D-478C-A3EB-7A6A532606B6}
	EndGlobalSection
EndGlobal
